
Microsoft Visual Studio Solution File, Format Version 12.00
# Visual Studio Version 17
VisualStudioVersion = 17.7.34031.279
MinimumVisualStudioVersion = 10.0.40219.1
Project("{FAE04EC0-301F-11D3-BF4B-00C04F79EFBC}") = "Week9ReadingFromFile", "Week9ReadingFromFile\Week9ReadingFromFile.csproj", "{8FC43BB7-7926-4BE4-B6C9-DC23ABE4C674}"
EndProject
Global
	GlobalSection(SolutionConfigurationPlatforms) = preSolution
		Debug|Any CPU = Debug|Any CPU
		Release|Any CPU = Release|Any CPU
	EndGlobalSection
	GlobalSection(ProjectConfigurationPlatforms) = postSolution
		{8FC43BB7-7926-4BE4-B6C9-DC23ABE4C674}.Debug|Any CPU.ActiveCfg = Debug|Any CPU
		{8FC43BB7-7926-4BE4-B6C9-DC23ABE4C674}.Debug|Any CPU.Build.0 = Debug|Any CPU
		{8FC43BB7-7926-4BE4-B6C9-DC23ABE4C674}.Release|Any CPU.ActiveCfg = Release|Any CPU
		{8FC43BB7-7926-4BE4-B6C9-DC23ABE4C674}.Release|Any CPU.Build.0 = Release|Any CPU
	EndGlobalSection
	GlobalSection(SolutionProperties) = preSolution
		HideSolutionNode = FALSE
	EndGlobalSection
	GlobalSection(ExtensibilityGlobals) = postSolution
		SolutionGuid = {1DB7EED5-BB89-4605-B76C-9C2AEBCE6479}
	EndGlobalSection
EndGlobal
